
Microsoft Visual Studio Solution File, Format Version 12.00
# Visual Studio Version 17
VisualStudioVersion = 17.0.31903.59
MinimumVisualStudioVersion = 10.0.40219.1
Project("{FAE04EC0-301F-11D3-BF4B-00C04F79EFBC}") = "HelloblueGK", "HelloblueGK.csproj", "{2C8433F2-2E97-46FF-8BF4-BA230B5F0401}"
EndProject
Project("{2150E333-8FDC-42A3-9474-1A3956D46DE8}") = "WebAPI", "WebAPI", "{6EDC7094-E22D-CF10-605B-B42C7FB8B0A8}"
EndProject
Project("{FAE04EC0-301F-11D3-BF4B-00C04F79EFBC}") = "HelloblueGK.WebAPI", "WebAPI\HelloblueGK.WebAPI.csproj", "{C40807E8-28EB-4005-A9E0-A0BA7A713837}"
EndProject
Project("{FAE04EC0-301F-11D3-BF4B-00C04F79EFBC}") = "HelloblueGK.Tests", "Tests\HelloblueGK.Tests.csproj", "{F55CE57A-46D9-4101-99F0-FDCB927FC018}"
EndProject
Project("{FAE04EC0-301F-11D3-BF4B-00C04F79EFBC}") = "PlasticityDemo", "PlasticityDemo\PlasticityDemo.csproj", "{4E3CD1B5-CA80-4A0A-B361-CB7D5EEB2B02}"
EndProject
Global
	GlobalSection(SolutionConfigurationPlatforms) = preSolution
		Debug|Any CPU = Debug|Any CPU
		Debug|x64 = Debug|x64
		Debug|x86 = Debug|x86
		Release|Any CPU = Release|Any CPU
		Release|x64 = Release|x64
		Release|x86 = Release|x86
	EndGlobalSection
	GlobalSection(ProjectConfigurationPlatforms) = postSolution
		{2C8433F2-2E97-46FF-8BF4-BA230B5F0401}.Debug|Any CPU.ActiveCfg = Debug|Any CPU
		{2C8433F2-2E97-46FF-8BF4-BA230B5F0401}.Debug|Any CPU.Build.0 = Debug|Any CPU
		{2C8433F2-2E97-46FF-8BF4-BA230B5F0401}.Debug|x64.ActiveCfg = Debug|Any CPU
		{2C8433F2-2E97-46FF-8BF4-BA230B5F0401}.Debug|x64.Build.0 = Debug|Any CPU
		{2C8433F2-2E97-46FF-8BF4-BA230B5F0401}.Debug|x86.ActiveCfg = Debug|Any CPU
		{2C8433F2-2E97-46FF-8BF4-BA230B5F0401}.Debug|x86.Build.0 = Debug|Any CPU
		{2C8433F2-2E97-46FF-8BF4-BA230B5F0401}.Release|Any CPU.ActiveCfg = Release|Any CPU
		{2C8433F2-2E97-46FF-8BF4-BA230B5F0401}.Release|Any CPU.Build.0 = Release|Any CPU
		{2C8433F2-2E97-46FF-8BF4-BA230B5F0401}.Release|x64.ActiveCfg = Release|Any CPU
		{2C8433F2-2E97-46FF-8BF4-BA230B5F0401}.Release|x64.Build.0 = Release|Any CPU
		{2C8433F2-2E97-46FF-8BF4-BA230B5F0401}.Release|x86.ActiveCfg = Release|Any CPU
		{2C8433F2-2E97-46FF-8BF4-BA230B5F0401}.Release|x86.Build.0 = Release|Any CPU
		{C40807E8-28EB-4005-A9E0-A0BA7A713837}.Debug|Any CPU.ActiveCfg = Debug|Any CPU
		{C40807E8-28EB-4005-A9E0-A0BA7A713837}.Debug|Any CPU.Build.0 = Debug|Any CPU
		{C40807E8-28EB-4005-A9E0-A0BA7A713837}.Debug|x64.ActiveCfg = Debug|Any CPU
		{C40807E8-28EB-4005-A9E0-A0BA7A713837}.Debug|x64.Build.0 = Debug|Any CPU
		{C40807E8-28EB-4005-A9E0-A0BA7A713837}.Debug|x86.ActiveCfg = Debug|Any CPU
		{C40807E8-28EB-4005-A9E0-A0BA7A713837}.Debug|x86.Build.0 = Debug|Any CPU
		{C40807E8-28EB-4005-A9E0-A0BA7A713837}.Release|Any CPU.ActiveCfg = Release|Any CPU
		{C40807E8-28EB-4005-A9E0-A0BA7A713837}.Release|Any CPU.Build.0 = Release|Any CPU
		{C40807E8-28EB-4005-A9E0-A0BA7A713837}.Release|x64.ActiveCfg = Release|Any CPU
		{C40807E8-28EB-4005-A9E0-A0BA7A713837}.Release|x64.Build.0 = Release|Any CPU
		{C40807E8-28EB-4005-A9E0-A0BA7A713837}.Release|x86.ActiveCfg = Release|Any CPU
		{C40807E8-28EB-4005-A9E0-A0BA7A713837}.Release|x86.Build.0 = Release|Any CPU
		{F55CE57A-46D9-4101-99F0-FDCB927FC018}.Debug|Any CPU.ActiveCfg = Debug|Any CPU
		{F55CE57A-46D9-4101-99F0-FDCB927FC018}.Debug|Any CPU.Build.0 = Debug|Any CPU
		{F55CE57A-46D9-4101-99F0-FDCB927FC018}.Debug|x64.ActiveCfg = Debug|Any CPU
		{F55CE57A-46D9-4101-99F0-FDCB927FC018}.Debug|x64.Build.0 = Debug|Any CPU
		{F55CE57A-46D9-4101-99F0-FDCB927FC018}.Debug|x86.ActiveCfg = Debug|Any CPU
		{F55CE57A-46D9-4101-99F0-FDCB927FC018}.Debug|x86.Build.0 = Debug|Any CPU
		{F55CE57A-46D9-4101-99F0-FDCB927FC018}.Release|Any CPU.ActiveCfg = Release|Any CPU
		{F55CE57A-46D9-4101-99F0-FDCB927FC018}.Release|Any CPU.Build.0 = Release|Any CPU
		{F55CE57A-46D9-4101-99F0-FDCB927FC018}.Release|x64.ActiveCfg = Release|Any CPU
		{F55CE57A-46D9-4101-99F0-FDCB927FC018}.Release|x64.Build.0 = Release|Any CPU
		{F55CE57A-46D9-4101-99F0-FDCB927FC018}.Release|x86.ActiveCfg = Release|Any CPU
		{F55CE57A-46D9-4101-99F0-FDCB927FC018}.Release|x86.Build.0 = Release|Any CPU
		{4E3CD1B5-CA80-4A0A-B361-CB7D5EEB2B02}.Debug|Any CPU.ActiveCfg = Debug|Any CPU
		{4E3CD1B5-CA80-4A0A-B361-CB7D5EEB2B02}.Debug|Any CPU.Build.0 = Debug|Any CPU
		{4E3CD1B5-CA80-4A0A-B361-CB7D5EEB2B02}.Debug|x64.ActiveCfg = Debug|Any CPU
		{4E3CD1B5-CA80-4A0A-B361-CB7D5EEB2B02}.Debug|x64.Build.0 = Debug|Any CPU
		{4E3CD1B5-CA80-4A0A-B361-CB7D5EEB2B02}.Debug|x86.ActiveCfg = Debug|Any CPU
		{4E3CD1B5-CA80-4A0A-B361-CB7D5EEB2B02}.Debug|x86.Build.0 = Debug|Any CPU
		{4E3CD1B5-CA80-4A0A-B361-CB7D5EEB2B02}.Release|Any CPU.ActiveCfg = Release|Any CPU
		{4E3CD1B5-CA80-4A0A-B361-CB7D5EEB2B02}.Release|Any CPU.Build.0 = Release|Any CPU
		{4E3CD1B5-CA80-4A0A-B361-CB7D5EEB2B02}.Release|x64.ActiveCfg = Release|Any CPU
		{4E3CD1B5-CA80-4A0A-B361-CB7D5EEB2B02}.Release|x64.Build.0 = Release|Any CPU
		{4E3CD1B5-CA80-4A0A-B361-CB7D5EEB2B02}.Release|x86.ActiveCfg = Release|Any CPU
		{4E3CD1B5-CA80-4A0A-B361-CB7D5EEB2B02}.Release|x86.Build.0 = Release|Any CPU
	EndGlobalSection
	GlobalSection(SolutionProperties) = preSolution
		HideSolutionNode = FALSE
	EndGlobalSection
	GlobalSection(NestedProjects) = preSolution
		{C40807E8-28EB-4005-A9E0-A0BA7A713837} = {6EDC7094-E22D-CF10-605B-B42C7FB8B0A8}
		{F55CE57A-46D9-4101-99F0-FDCB927FC018} = {6EDC7094-E22D-CF10-605B-B42C7FB8B0A8}
		{4E3CD1B5-CA80-4A0A-B361-CB7D5EEB2B02} = {6EDC7094-E22D-CF10-605B-B42C7FB8B0A8}
	EndGlobalSection
EndGlobal
